// !$*UTF8*$!
{
	archiveVersion = 1;
	classes = {
	};
	objectVersion = 50;
	objects = {

/* Begin PBXBuildFile section */
		C80215DA21F15FAA007C69F4 /* AppDelegate.m in Sources */ = {isa = PBXBuildFile; fileRef = C80215D921F15FAA007C69F4 /* AppDelegate.m */; };
		C80215E021F15FAA007C69F4 /* Main.storyboard in Resources */ = {isa = PBXBuildFile; fileRef = C80215DE21F15FAA007C69F4 /* Main.storyboard */; };
		C80215E221F15FAB007C69F4 /* Assets.xcassets in Resources */ = {isa = PBXBuildFile; fileRef = C80215E121F15FAB007C69F4 /* Assets.xcassets */; };
		C80215E521F15FAB007C69F4 /* LaunchScreen.storyboard in Resources */ = {isa = PBXBuildFile; fileRef = C80215E321F15FAB007C69F4 /* LaunchScreen.storyboard */; };
		C80215E821F15FAB007C69F4 /* main.m in Sources */ = {isa = PBXBuildFile; fileRef = C80215E721F15FAB007C69F4 /* main.m */; };
		C80215F221F15FAB007C69F4 /* GesturesTutorialTests.m in Sources */ = {isa = PBXBuildFile; fileRef = C80215F121F15FAB007C69F4 /* GesturesTutorialTests.m */; };
		C80215FD21F15FAB007C69F4 /* GesturesTutorialUITests.m in Sources */ = {isa = PBXBuildFile; fileRef = C80215FC21F15FAB007C69F4 /* GesturesTutorialUITests.m */; };
		C802160C21F161F0007C69F4 /* PanViewController.m in Sources */ = {isa = PBXBuildFile; fileRef = C802160B21F161F0007C69F4 /* PanViewController.m */; };
		C802161221F16205007C69F4 /* TapViewController.m in Sources */ = {isa = PBXBuildFile; fileRef = C802161121F16205007C69F4 /* TapViewController.m */; };
		C802161521F16657007C69F4 /* PinchViewController.m in Sources */ = {isa = PBXBuildFile; fileRef = C802161421F16657007C69F4 /* PinchViewController.m */; };
		C802161821F16D03007C69F4 /* SwipeViewController.m in Sources */ = {isa = PBXBuildFile; fileRef = C802161721F16D03007C69F4 /* SwipeViewController.m */; };
		C802161B21F17260007C69F4 /* RotationViewController.m in Sources */ = {isa = PBXBuildFile; fileRef = C802161A21F17260007C69F4 /* RotationViewController.m */; };
		C802161E21F1758B007C69F4 /* ScreenEdgePanViewController.m in Sources */ = {isa = PBXBuildFile; fileRef = C802161D21F1758B007C69F4 /* ScreenEdgePanViewController.m */; };
/* End PBXBuildFile section */

/* Begin PBXContainerItemProxy section */
		C80215EE21F15FAB007C69F4 /* PBXContainerItemProxy */ = {
			isa = PBXContainerItemProxy;
			containerPortal = C80215CD21F15FAA007C69F4 /* Project object */;
			proxyType = 1;
			remoteGlobalIDString = C80215D421F15FAA007C69F4;
			remoteInfo = GesturesTutorial;
		};
		C80215F921F15FAB007C69F4 /* PBXContainerItemProxy */ = {
			isa = PBXContainerItemProxy;
			containerPortal = C80215CD21F15FAA007C69F4 /* Project object */;
			proxyType = 1;
			remoteGlobalIDString = C80215D421F15FAA007C69F4;
			remoteInfo = GesturesTutorial;
		};
/* End PBXContainerItemProxy section */

/* Begin PBXFileReference section */
		C80215D521F15FAA007C69F4 /* GesturesTutorial.app */ = {isa = PBXFileReference; explicitFileType = wrapper.application; includeInIndex = 0; path = GesturesTutorial.app; sourceTree = BUILT_PRODUCTS_DIR; };
		C80215D821F15FAA007C69F4 /* AppDelegate.h */ = {isa = PBXFileReference; lastKnownFileType = sourcecode.c.h; path = AppDelegate.h; sourceTree = "<group>"; };
		C80215D921F15FAA007C69F4 /* AppDelegate.m */ = {isa = PBXFileReference; lastKnownFileType = sourcecode.c.objc; path = AppDelegate.m; sourceTree = "<group>"; };
		C80215DF21F15FAA007C69F4 /* Base */ = {isa = PBXFileReference; lastKnownFileType = file.storyboard; name = Base; path = Base.lproj/Main.storyboard; sourceTree = "<group>"; };
		C80215E121F15FAB007C69F4 /* Assets.xcassets */ = {isa = PBXFileReference; lastKnownFileType = folder.assetcatalog; path = Assets.xcassets; sourceTree = "<group>"; };
		C80215E421F15FAB007C69F4 /* Base */ = {isa = PBXFileReference; lastKnownFileType = file.storyboard; name = Base; path = Base.lproj/LaunchScreen.storyboard; sourceTree = "<group>"; };
		C80215E621F15FAB007C69F4 /* Info.plist */ = {isa = PBXFileReference; lastKnownFileType = text.plist.xml; path = Info.plist; sourceTree = "<group>"; };
		C80215E721F15FAB007C69F4 /* main.m */ = {isa = PBXFileReference; lastKnownFileType = sourcecode.c.objc; path = main.m; sourceTree = "<group>"; };
		C80215ED21F15FAB007C69F4 /* GesturesTutorialTests.xctest */ = {isa = PBXFileReference; explicitFileType = wrapper.cfbundle; includeInIndex = 0; path = GesturesTutorialTests.xctest; sourceTree = BUILT_PRODUCTS_DIR; };
		C80215F121F15FAB007C69F4 /* GesturesTutorialTests.m */ = {isa = PBXFileReference; lastKnownFileType = sourcecode.c.objc; path = GesturesTutorialTests.m; sourceTree = "<group>"; };
		C80215F321F15FAB007C69F4 /* Info.plist */ = {isa = PBXFileReference; lastKnownFileType = text.plist.xml; path = Info.plist; sourceTree = "<group>"; };
		C80215F821F15FAB007C69F4 /* GesturesTutorialUITests.xctest */ = {isa = PBXFileReference; explicitFileType = wrapper.cfbundle; includeInIndex = 0; path = GesturesTutorialUITests.xctest; sourceTree = BUILT_PRODUCTS_DIR; };
		C80215FC21F15FAB007C69F4 /* GesturesTutorialUITests.m */ = {isa = PBXFileReference; lastKnownFileType = sourcecode.c.objc; path = GesturesTutorialUITests.m; sourceTree = "<group>"; };
		C80215FE21F15FAB007C69F4 /* Info.plist */ = {isa = PBXFileReference; lastKnownFileType = text.plist.xml; path = Info.plist; sourceTree = "<group>"; };
		C802160A21F161F0007C69F4 /* PanViewController.h */ = {isa = PBXFileReference; lastKnownFileType = sourcecode.c.h; path = PanViewController.h; sourceTree = "<group>"; };
		C802160B21F161F0007C69F4 /* PanViewController.m */ = {isa = PBXFileReference; lastKnownFileType = sourcecode.c.objc; path = PanViewController.m; sourceTree = "<group>"; };
		C802161021F16205007C69F4 /* TapViewController.h */ = {isa = PBXFileReference; lastKnownFileType = sourcecode.c.h; path = TapViewController.h; sourceTree = "<group>"; };
		C802161121F16205007C69F4 /* TapViewController.m */ = {isa = PBXFileReference; lastKnownFileType = sourcecode.c.objc; path = TapViewController.m; sourceTree = "<group>"; };
		C802161321F16657007C69F4 /* PinchViewController.h */ = {isa = PBXFileReference; lastKnownFileType = sourcecode.c.h; path = PinchViewController.h; sourceTree = "<group>"; };
		C802161421F16657007C69F4 /* PinchViewController.m */ = {isa = PBXFileReference; lastKnownFileType = sourcecode.c.objc; path = PinchViewController.m; sourceTree = "<group>"; };
		C802161621F16D03007C69F4 /* SwipeViewController.h */ = {isa = PBXFileReference; lastKnownFileType = sourcecode.c.h; path = SwipeViewController.h; sourceTree = "<group>"; };
		C802161721F16D03007C69F4 /* SwipeViewController.m */ = {isa = PBXFileReference; lastKnownFileType = sourcecode.c.objc; path = SwipeViewController.m; sourceTree = "<group>"; };
		C802161921F17260007C69F4 /* RotationViewController.h */ = {isa = PBXFileReference; lastKnownFileType = sourcecode.c.h; path = RotationViewController.h; sourceTree = "<group>"; };
		C802161A21F17260007C69F4 /* RotationViewController.m */ = {isa = PBXFileReference; lastKnownFileType = sourcecode.c.objc; path = RotationViewController.m; sourceTree = "<group>"; };
		C802161C21F1758B007C69F4 /* ScreenEdgePanViewController.h */ = {isa = PBXFileReference; lastKnownFileType = sourcecode.c.h; path = ScreenEdgePanViewController.h; sourceTree = "<group>"; };
		C802161D21F1758B007C69F4 /* ScreenEdgePanViewController.m */ = {isa = PBXFileReference; lastKnownFileType = sourcecode.c.objc; path = ScreenEdgePanViewController.m; sourceTree = "<group>"; };
/* End PBXFileReference section */

/* Begin PBXFrameworksBuildPhase section */
		C80215D221F15FAA007C69F4 /* Frameworks */ = {
			isa = PBXFrameworksBuildPhase;
			buildActionMask = 2147483647;
			files = (
			);
			runOnlyForDeploymentPostprocessing = 0;
		};
		C80215EA21F15FAB007C69F4 /* Frameworks */ = {
			isa = PBXFrameworksBuildPhase;
			buildActionMask = 2147483647;
			files = (
			);
			runOnlyForDeploymentPostprocessing = 0;
		};
		C80215F521F15FAB007C69F4 /* Frameworks */ = {
			isa = PBXFrameworksBuildPhase;
			buildActionMask = 2147483647;
			files = (
			);
			runOnlyForDeploymentPostprocessing = 0;
		};
/* End PBXFrameworksBuildPhase section */

/* Begin PBXGroup section */
		C80215CC21F15FAA007C69F4 = {
			isa = PBXGroup;
			children = (
				C80215D721F15FAA007C69F4 /* GesturesTutorial */,
				C80215F021F15FAB007C69F4 /* GesturesTutorialTests */,
				C80215FB21F15FAB007C69F4 /* GesturesTutorialUITests */,
				C80215D621F15FAA007C69F4 /* Products */,
			);
			sourceTree = "<group>";
		};
		C80215D621F15FAA007C69F4 /* Products */ = {
			isa = PBXGroup;
			children = (
				C80215D521F15FAA007C69F4 /* GesturesTutorial.app */,
				C80215ED21F15FAB007C69F4 /* GesturesTutorialTests.xctest */,
				C80215F821F15FAB007C69F4 /* GesturesTutorialUITests.xctest */,
			);
			name = Products;
			sourceTree = "<group>";
		};
		C80215D721F15FAA007C69F4 /* GesturesTutorial */ = {
			isa = PBXGroup;
			children = (
				C80215D821F15FAA007C69F4 /* AppDelegate.h */,
				C80215D921F15FAA007C69F4 /* AppDelegate.m */,
				C802160A21F161F0007C69F4 /* PanViewController.h */,
				C802160B21F161F0007C69F4 /* PanViewController.m */,
				C802161021F16205007C69F4 /* TapViewController.h */,
				C802161121F16205007C69F4 /* TapViewController.m */,
				C802161321F16657007C69F4 /* PinchViewController.h */,
				C802161421F16657007C69F4 /* PinchViewController.m */,
				C802161621F16D03007C69F4 /* SwipeViewController.h */,
				C802161721F16D03007C69F4 /* SwipeViewController.m */,
				C802161921F17260007C69F4 /* RotationViewController.h */,
				C802161A21F17260007C69F4 /* RotationViewController.m */,
				C802161C21F1758B007C69F4 /* ScreenEdgePanViewController.h */,
				C802161D21F1758B007C69F4 /* ScreenEdgePanViewController.m */,
				C80215DE21F15FAA007C69F4 /* Main.storyboard */,
				C80215E121F15FAB007C69F4 /* Assets.xcassets */,
				C80215E321F15FAB007C69F4 /* LaunchScreen.storyboard */,
				C80215E621F15FAB007C69F4 /* Info.plist */,
				C80215E721F15FAB007C69F4 /* main.m */,
			);
			path = GesturesTutorial;
			sourceTree = "<group>";
		};
		C80215F021F15FAB007C69F4 /* GesturesTutorialTests */ = {
			isa = PBXGroup;
			children = (
				C80215F121F15FAB007C69F4 /* GesturesTutorialTests.m */,
				C80215F321F15FAB007C69F4 /* Info.plist */,
			);
			path = GesturesTutorialTests;
			sourceTree = "<group>";
		};
		C80215FB21F15FAB007C69F4 /* GesturesTutorialUITests */ = {
			isa = PBXGroup;
			children = (
				C80215FC21F15FAB007C69F4 /* GesturesTutorialUITests.m */,
				C80215FE21F15FAB007C69F4 /* Info.plist */,
			);
			path = GesturesTutorialUITests;
			sourceTree = "<group>";
		};
/* End PBXGroup section */

/* Begin PBXNativeTarget section */
		C80215D421F15FAA007C69F4 /* GesturesTutorial */ = {
			isa = PBXNativeTarget;
			buildConfigurationList = C802160121F15FAB007C69F4 /* Build configuration list for PBXNativeTarget "GesturesTutorial" */;
			buildPhases = (
				C80215D121F15FAA007C69F4 /* Sources */,
				C80215D221F15FAA007C69F4 /* Frameworks */,
				C80215D321F15FAA007C69F4 /* Resources */,
			);
			buildRules = (
			);
			dependencies = (
			);
			name = GesturesTutorial;
			productName = GesturesTutorial;
			productReference = C80215D521F15FAA007C69F4 /* GesturesTutorial.app */;
			productType = "com.apple.product-type.application";
		};
		C80215EC21F15FAB007C69F4 /* GesturesTutorialTests */ = {
			isa = PBXNativeTarget;
			buildConfigurationList = C802160421F15FAB007C69F4 /* Build configuration list for PBXNativeTarget "GesturesTutorialTests" */;
			buildPhases = (
				C80215E921F15FAB007C69F4 /* Sources */,
				C80215EA21F15FAB007C69F4 /* Frameworks */,
				C80215EB21F15FAB007C69F4 /* Resources */,
			);
			buildRules = (
			);
			dependencies = (
				C80215EF21F15FAB007C69F4 /* PBXTargetDependency */,
			);
			name = GesturesTutorialTests;
			productName = GesturesTutorialTests;
			productReference = C80215ED21F15FAB007C69F4 /* GesturesTutorialTests.xctest */;
			productType = "com.apple.product-type.bundle.unit-test";
		};
		C80215F721F15FAB007C69F4 /* GesturesTutorialUITests */ = {
			isa = PBXNativeTarget;
			buildConfigurationList = C802160721F15FAB007C69F4 /* Build configuration list for PBXNativeTarget "GesturesTutorialUITests" */;
			buildPhases = (
				C80215F421F15FAB007C69F4 /* Sources */,
				C80215F521F15FAB007C69F4 /* Frameworks */,
				C80215F621F15FAB007C69F4 /* Resources */,
			);
			buildRules = (
			);
			dependencies = (
				C80215FA21F15FAB007C69F4 /* PBXTargetDependency */,
			);
			name = GesturesTutorialUITests;
			productName = GesturesTutorialUITests;
			productReference = C80215F821F15FAB007C69F4 /* GesturesTutorialUITests.xctest */;
			productType = "com.apple.product-type.bundle.ui-testing";
		};
/* End PBXNativeTarget section */

/* Begin PBXProject section */
		C80215CD21F15FAA007C69F4 /* Project object */ = {
			isa = PBXProject;
			attributes = {
				LastUpgradeCheck = 1010;
				ORGANIZATIONNAME = "Jun Oh";
				TargetAttributes = {
					C80215D421F15FAA007C69F4 = {
						CreatedOnToolsVersion = 10.1;
					};
					C80215EC21F15FAB007C69F4 = {
						CreatedOnToolsVersion = 10.1;
						TestTargetID = C80215D421F15FAA007C69F4;
					};
					C80215F721F15FAB007C69F4 = {
						CreatedOnToolsVersion = 10.1;
						TestTargetID = C80215D421F15FAA007C69F4;
					};
				};
			};
			buildConfigurationList = C80215D021F15FAA007C69F4 /* Build configuration list for PBXProject "GesturesTutorial" */;
			compatibilityVersion = "Xcode 9.3";
			developmentRegion = en;
			hasScannedForEncodings = 0;
			knownRegions = (
				en,
				Base,
			);
			mainGroup = C80215CC21F15FAA007C69F4;
			productRefGroup = C80215D621F15FAA007C69F4 /* Products */;
			projectDirPath = "";
			projectRoot = "";
			targets = (
				C80215D421F15FAA007C69F4 /* GesturesTutorial */,
				C80215EC21F15FAB007C69F4 /* GesturesTutorialTests */,
				C80215F721F15FAB007C69F4 /* GesturesTutorialUITests */,
			);
		};
/* End PBXProject section */

/* Begin PBXResourcesBuildPhase section */
		C80215D321F15FAA007C69F4 /* Resources */ = {
			isa = PBXResourcesBuildPhase;
			buildActionMask = 2147483647;
			files = (
				C80215E521F15FAB007C69F4 /* LaunchScreen.storyboard in Resources */,
				C80215E221F15FAB007C69F4 /* Assets.xcassets in Resources */,
				C80215E021F15FAA007C69F4 /* Main.storyboard in Resources */,
			);
			runOnlyForDeploymentPostprocessing = 0;
		};
		C80215EB21F15FAB007C69F4 /* Resources */ = {
			isa = PBXResourcesBuildPhase;
			buildActionMask = 2147483647;
			files = (
			);
			runOnlyForDeploymentPostprocessing = 0;
		};
		C80215F621F15FAB007C69F4 /* Resources */ = {
			isa = PBXResourcesBuildPhase;
			buildActionMask = 2147483647;
			files = (
			);
			runOnlyForDeploymentPostprocessing = 0;
		};
/* End PBXResourcesBuildPhase section */

/* Begin PBXSourcesBuildPhase section */
		C80215D121F15FAA007C69F4 /* Sources */ = {
			isa = PBXSourcesBuildPhase;
			buildActionMask = 2147483647;
			files = (
				C802160C21F161F0007C69F4 /* PanViewController.m in Sources */,
				C80215E821F15FAB007C69F4 /* main.m in Sources */,
				C802161521F16657007C69F4 /* PinchViewController.m in Sources */,
				C802161E21F1758B007C69F4 /* ScreenEdgePanViewController.m in Sources */,
				C802161B21F17260007C69F4 /* RotationViewController.m in Sources */,
				C802161821F16D03007C69F4 /* SwipeViewController.m in Sources */,
				C802161221F16205007C69F4 /* TapViewController.m in Sources */,
				C80215DA21F15FAA007C69F4 /* AppDelegate.m in Sources */,
			);
			runOnlyForDeploymentPostprocessing = 0;
		};
		C80215E921F15FAB007C69F4 /* Sources */ = {
			isa = PBXSourcesBuildPhase;
			buildActionMask = 2147483647;
			files = (
				C80215F221F15FAB007C69F4 /* GesturesTutorialTests.m in Sources */,
			);
			runOnlyForDeploymentPostprocessing = 0;
		};
		C80215F421F15FAB007C69F4 /* Sources */ = {
			isa = PBXSourcesBuildPhase;
			buildActionMask = 2147483647;
			files = (
				C80215FD21F15FAB007C69F4 /* GesturesTutorialUITests.m in Sources */,
			);
			runOnlyForDeploymentPostprocessing = 0;
		};
/* End PBXSourcesBuildPhase section */

/* Begin PBXTargetDependency section */
		C80215EF21F15FAB007C69F4 /* PBXTargetDependency */ = {
			isa = PBXTargetDependency;
			target = C80215D421F15FAA007C69F4 /* GesturesTutorial */;
			targetProxy = C80215EE21F15FAB007C69F4 /* PBXContainerItemProxy */;
		};
		C80215FA21F15FAB007C69F4 /* PBXTargetDependency */ = {
			isa = PBXTargetDependency;
			target = C80215D421F15FAA007C69F4 /* GesturesTutorial */;
			targetProxy = C80215F921F15FAB007C69F4 /* PBXContainerItemProxy */;
		};
/* End PBXTargetDependency section */

/* Begin PBXVariantGroup section */
		C80215DE21F15FAA007C69F4 /* Main.storyboard */ = {
			isa = PBXVariantGroup;
			children = (
				C80215DF21F15FAA007C69F4 /* Base */,
			);
			name = Main.storyboard;
			sourceTree = "<group>";
		};
		C80215E321F15FAB007C69F4 /* LaunchScreen.storyboard */ = {
			isa = PBXVariantGroup;
			children = (
				C80215E421F15FAB007C69F4 /* Base */,
			);
			name = LaunchScreen.storyboard;
			sourceTree = "<group>";
		};
/* End PBXVariantGroup section */

/* Begin XCBuildConfiguration section */
		C80215FF21F15FAB007C69F4 /* Debug */ = {
			isa = XCBuildConfiguration;
			buildSettings = {
				ALWAYS_SEARCH_USER_PATHS = NO;
				CLANG_ANALYZER_NONNULL = YES;
				CLANG_ANALYZER_NUMBER_OBJECT_CONVERSION = YES_AGGRESSIVE;
				CLANG_CXX_LANGUAGE_STANDARD = "gnu++14";
				CLANG_CXX_LIBRARY = "libc++";
				CLANG_ENABLE_MODULES = YES;
				CLANG_ENABLE_OBJC_ARC = YES;
				CLANG_ENABLE_OBJC_WEAK = YES;
				CLANG_WARN_BLOCK_CAPTURE_AUTORELEASING = YES;
				CLANG_WARN_BOOL_CONVERSION = YES;
				CLANG_WARN_COMMA = YES;
				CLANG_WARN_CONSTANT_CONVERSION = YES;
				CLANG_WARN_DEPRECATED_OBJC_IMPLEMENTATIONS = YES;
				CLANG_WARN_DIRECT_OBJC_ISA_USAGE = YES_ERROR;
				CLANG_WARN_DOCUMENTATION_COMMENTS = YES;
				CLANG_WARN_EMPTY_BODY = YES;
				CLANG_WARN_ENUM_CONVERSION = YES;
				CLANG_WARN_INFINITE_RECURSION = YES;
				CLANG_WARN_INT_CONVERSION = YES;
				CLANG_WARN_NON_LITERAL_NULL_CONVERSION = YES;
				CLANG_WARN_OBJC_IMPLICIT_RETAIN_SELF = YES;
				CLANG_WARN_OBJC_LITERAL_CONVERSION = YES;
				CLANG_WARN_OBJC_ROOT_CLASS = YES_ERROR;
				CLANG_WARN_RANGE_LOOP_ANALYSIS = YES;
				CLANG_WARN_STRICT_PROTOTYPES = YES;
				CLANG_WARN_SUSPICIOUS_MOVE = YES;
				CLANG_WARN_UNGUARDED_AVAILABILITY = YES_AGGRESSIVE;
				CLANG_WARN_UNREACHABLE_CODE = YES;
				CLANG_WARN__DUPLICATE_METHOD_MATCH = YES;
				CODE_SIGN_IDENTITY = "iPhone Developer";
				COPY_PHASE_STRIP = NO;
				DEBUG_INFORMATION_FORMAT = dwarf;
				ENABLE_STRICT_OBJC_MSGSEND = YES;
				ENABLE_TESTABILITY = YES;
				GCC_C_LANGUAGE_STANDARD = gnu11;
				GCC_DYNAMIC_NO_PIC = NO;
				GCC_NO_COMMON_BLOCKS = YES;
				GCC_OPTIMIZATION_LEVEL = 0;
				GCC_PREPROCESSOR_DEFINITIONS = (
					"DEBUG=1",
					"$(inherited)",
				);
				GCC_WARN_64_TO_32_BIT_CONVERSION = YES;
				GCC_WARN_ABOUT_RETURN_TYPE = YES_ERROR;
				GCC_WARN_UNDECLARED_SELECTOR = YES;
				GCC_WARN_UNINITIALIZED_AUTOS = YES_AGGRESSIVE;
				GCC_WARN_UNUSED_FUNCTION = YES;
				GCC_WARN_UNUSED_VARIABLE = YES;
				IPHONEOS_DEPLOYMENT_TARGET = 12.1;
				MTL_ENABLE_DEBUG_INFO = INCLUDE_SOURCE;
				MTL_FAST_MATH = YES;
				ONLY_ACTIVE_ARCH = YES;
				SDKROOT = iphoneos;
			};
			name = Debug;
		};
		C802160021F15FAB007C69F4 /* Release */ = {
			isa = XCBuildConfiguration;
			buildSettings = {
				ALWAYS_SEARCH_USER_PATHS = NO;
				CLANG_ANALYZER_NONNULL = YES;
				CLANG_ANALYZER_NUMBER_OBJECT_CONVERSION = YES_AGGRESSIVE;
				CLANG_CXX_LANGUAGE_STANDARD = "gnu++14";
				CLANG_CXX_LIBRARY = "libc++";
				CLANG_ENABLE_MODULES = YES;
				CLANG_ENABLE_OBJC_ARC = YES;
				CLANG_ENABLE_OBJC_WEAK = YES;
				CLANG_WARN_BLOCK_CAPTURE_AUTORELEASING = YES;
				CLANG_WARN_BOOL_CONVERSION = YES;
				CLANG_WARN_COMMA = YES;
				CLANG_WARN_CONSTANT_CONVERSION = YES;
				CLANG_WARN_DEPRECATED_OBJC_IMPLEMENTATIONS = YES;
				CLANG_WARN_DIRECT_OBJC_ISA_USAGE = YES_ERROR;
				CLANG_WARN_DOCUMENTATION_COMMENTS = YES;
				CLANG_WARN_EMPTY_BODY = YES;
				CLANG_WARN_ENUM_CONVERSION = YES;
				CLANG_WARN_INFINITE_RECURSION = YES;
				CLANG_WARN_INT_CONVERSION = YES;
				CLANG_WARN_NON_LITERAL_NULL_CONVERSION = YES;
				CLANG_WARN_OBJC_IMPLICIT_RETAIN_SELF = YES;
				CLANG_WARN_OBJC_LITERAL_CONVERSION = YES;
				CLANG_WARN_OBJC_ROOT_CLASS = YES_ERROR;
				CLANG_WARN_RANGE_LOOP_ANALYSIS = YES;
				CLANG_WARN_STRICT_PROTOTYPES = YES;
				CLANG_WARN_SUSPICIOUS_MOVE = YES;
				CLANG_WARN_UNGUARDED_AVAILABILITY = YES_AGGRESSIVE;
				CLANG_WARN_UNREACHABLE_CODE = YES;
				CLANG_WARN__DUPLICATE_METHOD_MATCH = YES;
				CODE_SIGN_IDENTITY = "iPhone Developer";
				COPY_PHASE_STRIP = NO;
				DEBUG_INFORMATION_FORMAT = "dwarf-with-dsym";
				ENABLE_NS_ASSERTIONS = NO;
				ENABLE_STRICT_OBJC_MSGSEND = YES;
				GCC_C_LANGUAGE_STANDARD = gnu11;
				GCC_NO_COMMON_BLOCKS = YES;
				GCC_WARN_64_TO_32_BIT_CONVERSION = YES;
				GCC_WARN_ABOUT_RETURN_TYPE = YES_ERROR;
				GCC_WARN_UNDECLARED_SELECTOR = YES;
				GCC_WARN_UNINITIALIZED_AUTOS = YES_AGGRESSIVE;
				GCC_WARN_UNUSED_FUNCTION = YES;
				GCC_WARN_UNUSED_VARIABLE = YES;
				IPHONEOS_DEPLOYMENT_TARGET = 12.1;
				MTL_ENABLE_DEBUG_INFO = NO;
				MTL_FAST_MATH = YES;
				SDKROOT = iphoneos;
				VALIDATE_PRODUCT = YES;
			};
			name = Release;
		};
		C802160221F15FAB007C69F4 /* Debug */ = {
			isa = XCBuildConfiguration;
			buildSettings = {
				ASSETCATALOG_COMPILER_APPICON_NAME = AppIcon;
				CODE_SIGN_STYLE = Automatic;
				INFOPLIST_FILE = GesturesTutorial/Info.plist;
				LD_RUNPATH_SEARCH_PATHS = (
					"$(inherited)",
					"@executable_path/Frameworks",
				);
				PRODUCT_BUNDLE_IDENTIFIER = com.juuuuuun.GesturesTutorial;
				PRODUCT_NAME = "$(TARGET_NAME)";
				TARGETED_DEVICE_FAMILY = "1,2";
			};
			name = Debug;
		};
		C802160321F15FAB007C69F4 /* Release */ = {
			isa = XCBuildConfiguration;
			buildSettings = {
				ASSETCATALOG_COMPILER_APPICON_NAME = AppIcon;
				CODE_SIGN_STYLE = Automatic;
				INFOPLIST_FILE = GesturesTutorial/Info.plist;
				LD_RUNPATH_SEARCH_PATHS = (
					"$(inherited)",
					"@executable_path/Frameworks",
				);
				PRODUCT_BUNDLE_IDENTIFIER = com.juuuuuun.GesturesTutorial;
				PRODUCT_NAME = "$(TARGET_NAME)";
				TARGETED_DEVICE_FAMILY = "1,2";
			};
			name = Release;
		};
		C802160521F15FAB007C69F4 /* Debug */ = {
			isa = XCBuildConfiguration;
			buildSettings = {
				BUNDLE_LOADER = "$(TEST_HOST)";
				CODE_SIGN_STYLE = Automatic;
				INFOPLIST_FILE = GesturesTutorialTests/Info.plist;
				LD_RUNPATH_SEARCH_PATHS = (
					"$(inherited)",
					"@executable_path/Frameworks",
					"@loader_path/Frameworks",
				);
				PRODUCT_BUNDLE_IDENTIFIER = com.juuuuuun.GesturesTutorialTests;
				PRODUCT_NAME = "$(TARGET_NAME)";
				TARGETED_DEVICE_FAMILY = "1,2";
				TEST_HOST = "$(BUILT_PRODUCTS_DIR)/GesturesTutorial.app/GesturesTutorial";
			};
			name = Debug;
		};
		C802160621F15FAB007C69F4 /* Release */ = {
			isa = XCBuildConfiguration;
			buildSettings = {
				BUNDLE_LOADER = "$(TEST_HOST)";
				CODE_SIGN_STYLE = Automatic;
				INFOPLIST_FILE = GesturesTutorialTests/Info.plist;
				LD_RUNPATH_SEARCH_PATHS = (
					"$(inherited)",
					"@executable_path/Frameworks",
					"@loader_path/Frameworks",
				);
				PRODUCT_BUNDLE_IDENTIFIER = com.juuuuuun.GesturesTutorialTests;
				PRODUCT_NAME = "$(TARGET_NAME)";
				TARGETED_DEVICE_FAMILY = "1,2";
				TEST_HOST = "$(BUILT_PRODUCTS_DIR)/GesturesTutorial.app/GesturesTutorial";
			};
			name = Release;
		};
		C802160821F15FAB007C69F4 /* Debug */ = {
			isa = XCBuildConfiguration;
			buildSettings = {
				CODE_SIGN_STYLE = Automatic;
				INFOPLIST_FILE = GesturesTutorialUITests/Info.plist;
				LD_RUNPATH_SEARCH_PATHS = (
					"$(inherited)",
					"@executable_path/Frameworks",
					"@loader_path/Frameworks",
				);
				PRODUCT_BUNDLE_IDENTIFIER = com.juuuuuun.GesturesTutorialUITests;
				PRODUCT_NAME = "$(TARGET_NAME)";
				TARGETED_DEVICE_FAMILY = "1,2";
				TEST_TARGET_NAME = GesturesTutorial;
			};
			name = Debug;
		};
		C802160921F15FAB007C69F4 /* Release */ = {
			isa = XCBuildConfiguration;
			buildSettings = {
				CODE_SIGN_STYLE = Automatic;
				INFOPLIST_FILE = GesturesTutorialUITests/Info.plist;
				LD_RUNPATH_SEARCH_PATHS = (
					"$(inherited)",
					"@executable_path/Frameworks",
					"@loader_path/Frameworks",
				);
				PRODUCT_BUNDLE_IDENTIFIER = com.juuuuuun.GesturesTutorialUITests;
				PRODUCT_NAME = "$(TARGET_NAME)";
				TARGETED_DEVICE_FAMILY = "1,2";
				TEST_TARGET_NAME = GesturesTutorial;
			};
			name = Release;
		};
/* End XCBuildConfiguration section */

/* Begin XCConfigurationList section */
		C80215D021F15FAA007C69F4 /* Build configuration list for PBXProject "GesturesTutorial" */ = {
			isa = XCConfigurationList;
			buildConfigurations = (
				C80215FF21F15FAB007C69F4 /* Debug */,
				C802160021F15FAB007C69F4 /* Release */,
			);
			defaultConfigurationIsVisible = 0;
			defaultConfigurationName = Release;
		};
		C802160121F15FAB007C69F4 /* Build configuration list for PBXNativeTarget "GesturesTutorial" */ = {
			isa = XCConfigurationList;
			buildConfigurations = (
				C802160221F15FAB007C69F4 /* Debug */,
				C802160321F15FAB007C69F4 /* Release */,
			);
			defaultConfigurationIsVisible = 0;
			defaultConfigurationName = Release;
		};
		C802160421F15FAB007C69F4 /* Build configuration list for PBXNativeTarget "GesturesTutorialTests" */ = {
			isa = XCConfigurationList;
			buildConfigurations = (
				C802160521F15FAB007C69F4 /* Debug */,
				C802160621F15FAB007C69F4 /* Release */,
			);
			defaultConfigurationIsVisible = 0;
			defaultConfigurationName = Release;
		};
		C802160721F15FAB007C69F4 /* Build configuration list for PBXNativeTarget "GesturesTutorialUITests" */ = {
			isa = XCConfigurationList;
			buildConfigurations = (
				C802160821F15FAB007C69F4 /* Debug */,
				C802160921F15FAB007C69F4 /* Release */,
			);
			defaultConfigurationIsVisible = 0;
			defaultConfigurationName = Release;
		};
/* End XCConfigurationList section */
	};
	rootObject = C80215CD21F15FAA007C69F4 /* Project object */;
}
